# This file is @generated by PDM.
# It is not intended for manual editing.

[[package]]
name = "setuptools"
version = "67.8.0"
requires_python = ">=3.7"
summary = "Easily download, build, install, upgrade, and uninstall Python packages"

[metadata]
lock_version = "4.1"
content_hash = "sha256:2b03fadadcd829cc77f11f63df59216316c2d932daac6d595b40e008548e0861"

[metadata.files]
"setuptools 67.8.0" = [
    {url = "https://files.pythonhosted.org/packages/03/20/630783571e76e5fa5f3e9f29398ca3ace377207b8196b54e0ffdf09f12c1/setuptools-67.8.0.tar.gz", hash = "sha256:62642358adc77ffa87233bc4d2354c4b2682d214048f500964dbe760ccedf102"},
    {url = "https://files.pythonhosted.org/packages/f5/2c/074ab1c5be9c7d523d8d6d69d1f46f450fe7f11713147dc9e779aa4ca4ea/setuptools-67.8.0-py3-none-any.whl", hash = "sha256:5df61bf30bb10c6f756eb19e7c9f3b473051f48db77fddbe06ff2ca307df9a6f"},
]
